
Microsoft Visual Studio Solution File, Format Version 12.00
# Visual Studio 15
VisualStudioVersion = 15.0.28307.271
MinimumVisualStudioVersion = 10.0.40219.1
Project("{FAE04EC0-301F-11D3-BF4B-00C04F79EFBC}") = "LightSpeedAPI", "LightSpeedAPI\LightSpeedAPI.csproj", "{6E3B8C7A-DEBF-4551-83FE-0DE5A9783F11}"
EndProject
Global
	GlobalSection(SolutionConfigurationPlatforms) = preSolution
		Debug|Any CPU = Debug|Any CPU
		Release|Any CPU = Release|Any CPU
	EndGlobalSection
	GlobalSection(ProjectConfigurationPlatforms) = postSolution
		{6E3B8C7A-DEBF-4551-83FE-0DE5A9783F11}.Debug|Any CPU.ActiveCfg = Debug|Any CPU
		{6E3B8C7A-DEBF-4551-83FE-0DE5A9783F11}.Debug|Any CPU.Build.0 = Debug|Any CPU
		{6E3B8C7A-DEBF-4551-83FE-0DE5A9783F11}.Release|Any CPU.ActiveCfg = Release|Any CPU
		{6E3B8C7A-DEBF-4551-83FE-0DE5A9783F11}.Release|Any CPU.Build.0 = Release|Any CPU
	EndGlobalSection
	GlobalSection(SolutionProperties) = preSolution
		HideSolutionNode = FALSE
	EndGlobalSection
	GlobalSection(ExtensibilityGlobals) = postSolution
		SolutionGuid = {0A72764F-BF92-4373-B933-4B6461C333A7}
	EndGlobalSection
EndGlobal
